{
  "name": "as2-protocol",
  "version": "1.0.0",
  "lockfileVersion": 3,
  "requires": true,
  "packages": {
    "": {
      "name": "as2-protocol",
      "version": "1.0.0",
      "license": "ISC",
      "dependencies": {
        "dotenv": "^16.5.0",
        "libas2": "^0.8.2"
      }
    },
    "node_modules/@nhs-llc/emailjs-mime-parser": {
      "version": "2.1.0",
      "resolved": "https://registry.npmjs.org/@nhs-llc/emailjs-mime-parser/-/emailjs-mime-parser-2.1.0.tgz",
      "integrity": "sha512-X7JE0b2ffDCBfBimY8/5rMRWoCT/pz9GwfmuW71Pjyb+EDtlPB3spG2+yKv0MWJMgR6NAFM/7kn3dOD5Ge0+zQ==",
      "license": "MIT",
      "dependencies": {
        "emailjs-addressparser": "^2.0.2",
        "emailjs-mime-codec": "^2.0.8",
        "ramda": "^0.26.1"
      }
    },
    "node_modules/@peculiar/asn1-schema": {
      "version": "2.3.15",
      "resolved": "https://registry.npmjs.org/@peculiar/asn1-schema/-/asn1-schema-2.3.15.tgz",
      "integrity": "sha512-QPeD8UA8axQREpgR5UTAfu2mqQmm97oUqahDtNdBcfj3qAnoXzFdQW+aNf/tD2WVXF8Fhmftxoj0eMIT++gX2w==",
      "license": "MIT",
      "dependencies": {
        "asn1js": "^3.0.5",
        "pvtsutils": "^1.3.6",
        "tslib": "^2.8.1"
      }
    },
    "node_modules/@peculiar/asn1-schema/node_modules/asn1js": {
      "version": "3.0.6",
      "resolved": "https://registry.npmjs.org/asn1js/-/asn1js-3.0.6.tgz",
      "integrity": "sha512-UOCGPYbl0tv8+006qks/dTgV9ajs97X2p0FAbyS2iyCRrmLSRolDaHdp+v/CLgnzHc3fVB+CwYiUmei7ndFcgA==",
      "license": "BSD-3-Clause",
      "dependencies": {
        "pvtsutils": "^1.3.6",
        "pvutils": "^1.1.3",
        "tslib": "^2.8.1"
      },
      "engines": {
        "node": ">=12.0.0"
      }
    },
    "node_modules/@peculiar/json-schema": {
      "version": "1.1.12",
      "resolved": "https://registry.npmjs.org/@peculiar/json-schema/-/json-schema-1.1.12.tgz",
      "integrity": "sha512-coUfuoMeIB7B8/NMekxaDzLhaYmp0HZNPEjYRm9goRou8UZIC3z21s0sL9AWoCw4EG876QyO3kYrc61WNF9B/w==",
      "license": "MIT",
      "dependencies": {
        "tslib": "^2.0.0"
      },
      "engines": {
        "node": ">=8.0.0"
      }
    },
    "node_modules/@peculiar/webcrypto": {
      "version": "1.5.0",
      "resolved": "https://registry.npmjs.org/@peculiar/webcrypto/-/webcrypto-1.5.0.tgz",
      "integrity": "sha512-BRs5XUAwiyCDQMsVA9IDvDa7UBR9gAvPHgugOeGng3YN6vJ9JYonyDc0lNczErgtCWtucjR5N7VtaonboD/ezg==",
      "license": "MIT",
      "dependencies": {
        "@peculiar/asn1-schema": "^2.3.8",
        "@peculiar/json-schema": "^1.1.12",
        "pvtsutils": "^1.3.5",
        "tslib": "^2.6.2",
        "webcrypto-core": "^1.8.0"
      },
      "engines": {
        "node": ">=10.12.0"
      }
    },
    "node_modules/asn1js": {
      "version": "2.4.0",
      "resolved": "https://registry.npmjs.org/asn1js/-/asn1js-2.4.0.tgz",
      "integrity": "sha512-PvZC0FMyMut8aOnR2jAEGSkmRtHIUYPe9amUEnGjr9TdnUmsfoOkjrvUkOEU9mzpYBR1HyO9bF+8U1cLTMMHhQ==",
      "license": "BSD-3-Clause",
      "dependencies": {
        "pvutils": "^1.1.3"
      },
      "engines": {
        "node": ">=6.0.0"
      }
    },
    "node_modules/bytestreamjs": {
      "version": "1.1.3",
      "resolved": "https://registry.npmjs.org/bytestreamjs/-/bytestreamjs-1.1.3.tgz",
      "integrity": "sha512-JDGoiJ+yt+4Ui1e/vMWx5TRvmnErBBbsOkprXgbe1fRp2XZzI8MoknoiR/ZVCya9aWJbOhrJ5Heon1wrAdftkg==",
      "license": "BSD-3-Clause",
      "engines": {
        "node": ">=6.0.0"
      }
    },
    "node_modules/dotenv": {
      "version": "16.5.0",
      "resolved": "https://registry.npmjs.org/dotenv/-/dotenv-16.5.0.tgz",
      "integrity": "sha512-m/C+AwOAr9/W1UOIZUo232ejMNnJAJtYQjUbHoNTBNTJSvqzzDh7vnrei3o3r3m9blf6ZoDkvcw0VmozNRFJxg==",
      "license": "BSD-2-Clause",
      "engines": {
        "node": ">=12"
      },
      "funding": {
        "url": "https://dotenvx.com"
      }
    },
    "node_modules/emailjs-addressparser": {
      "version": "2.0.3",
      "resolved": "https://registry.npmjs.org/emailjs-addressparser/-/emailjs-addressparser-2.0.3.tgz",
      "integrity": "sha512-GjahNdp1fRsWBGxmwC4o7XEoEf7QsdsVrbZFoeulEKNp49NrIUZcZfGMKCPDv5kExiuJLulq/7tJY+ei6BRitA==",
      "license": "MIT"
    },
    "node_modules/emailjs-base64": {
      "version": "1.1.4",
      "resolved": "https://registry.npmjs.org/emailjs-base64/-/emailjs-base64-1.1.4.tgz",
      "integrity": "sha512-4h0xp1jgVTnIQBHxSJWXWanNnmuc5o+k4aHEpcLXSToN8asjB5qbXAexs7+PEsUKcEyBteNYsSvXUndYT2CGGA==",
      "license": "MIT"
    },
    "node_modules/emailjs-mime-codec": {
      "version": "2.0.9",
      "resolved": "https://registry.npmjs.org/emailjs-mime-codec/-/emailjs-mime-codec-2.0.9.tgz",
      "integrity": "sha512-7qJo4pFGcKlWh/kCeNjmcgj34YoJWY0ekZXEHYtluWg4MVBnXqGM4CRMtZQkfYwitOhUgaKN5EQktJddi/YIDQ==",
      "license": "MIT",
      "dependencies": {
        "emailjs-base64": "^1.1.4",
        "ramda": "^0.26.1",
        "text-encoding": "^0.7.0"
      }
    },
    "node_modules/libas2": {
      "version": "0.8.2",
      "resolved": "https://registry.npmjs.org/libas2/-/libas2-0.8.2.tgz",
      "integrity": "sha512-+4iUnrFL+Gxa4WNdBhhgqhz4s2EAd79Mbts8+Gyug8VXRqN5qBGaBV/Ld3g1ehTH7SLOBrzqZWrXgg3yWb3KoQ==",
      "license": "MIT",
      "dependencies": {
        "@nhs-llc/emailjs-mime-parser": "^2.1.0",
        "@peculiar/webcrypto": "^1.1.3",
        "asn1js": "^2.0.26",
        "nodemailer": "^6.4.11",
        "pkijs": "^2.1.90"
      }
    },
    "node_modules/nodemailer": {
      "version": "6.10.1",
      "resolved": "https://registry.npmjs.org/nodemailer/-/nodemailer-6.10.1.tgz",
      "integrity": "sha512-Z+iLaBGVaSjbIzQ4pX6XV41HrooLsQ10ZWPUehGmuantvzWoDVBnmsdUcOIDM1t+yPor5pDhVlDESgOMEGxhHA==",
      "license": "MIT-0",
      "engines": {
        "node": ">=6.0.0"
      }
    },
    "node_modules/pkijs": {
      "version": "2.4.0",
      "resolved": "https://registry.npmjs.org/pkijs/-/pkijs-2.4.0.tgz",
      "integrity": "sha512-cjJP/mYuGyMrjJ49jI04khId5Oufd3nFTUYBzQTIIVNI7/oAWdwXEfpwTF8HELFV/gz+WGYUBHCe3KHWD8rYvg==",
      "license": "BSD-3-Clause",
      "dependencies": {
        "asn1js": "^3.0.3",
        "bytestreamjs": "^1.0.29",
        "pvutils": "^1.1.3"
      },
      "engines": {
        "node": ">=6.0.0"
      }
    },
    "node_modules/pkijs/node_modules/asn1js": {
      "version": "3.0.6",
      "resolved": "https://registry.npmjs.org/asn1js/-/asn1js-3.0.6.tgz",
      "integrity": "sha512-UOCGPYbl0tv8+006qks/dTgV9ajs97X2p0FAbyS2iyCRrmLSRolDaHdp+v/CLgnzHc3fVB+CwYiUmei7ndFcgA==",
      "license": "BSD-3-Clause",
      "dependencies": {
        "pvtsutils": "^1.3.6",
        "pvutils": "^1.1.3",
        "tslib": "^2.8.1"
      },
      "engines": {
        "node": ">=12.0.0"
      }
    },
    "node_modules/pvtsutils": {
      "version": "1.3.6",
      "resolved": "https://registry.npmjs.org/pvtsutils/-/pvtsutils-1.3.6.tgz",
      "integrity": "sha512-PLgQXQ6H2FWCaeRak8vvk1GW462lMxB5s3Jm673N82zI4vqtVUPuZdffdZbPDFRoU8kAhItWFtPCWiPpp4/EDg==",
      "license": "MIT",
      "dependencies": {
        "tslib": "^2.8.1"
      }
    },
    "node_modules/pvutils": {
      "version": "1.1.3",
      "resolved": "https://registry.npmjs.org/pvutils/-/pvutils-1.1.3.tgz",
      "integrity": "sha512-pMpnA0qRdFp32b1sJl1wOJNxZLQ2cbQx+k6tjNtZ8CpvVhNqEPRgivZ2WOUev2YMajecdH7ctUPDvEe87nariQ==",
      "license": "MIT",
      "engines": {
        "node": ">=6.0.0"
      }
    },
    "node_modules/ramda": {
      "version": "0.26.1",
      "resolved": "https://registry.npmjs.org/ramda/-/ramda-0.26.1.tgz",
      "integrity": "sha512-hLWjpy7EnsDBb0p+Z3B7rPi3GDeRG5ZtiI33kJhTt+ORCd38AbAIjB/9zRIUoeTbE/AVX5ZkU7m6bznsvrf8eQ==",
      "license": "MIT"
    },
    "node_modules/text-encoding": {
      "version": "0.7.0",
      "resolved": "https://registry.npmjs.org/text-encoding/-/text-encoding-0.7.0.tgz",
      "integrity": "sha512-oJQ3f1hrOnbRLOcwKz0Liq2IcrvDeZRHXhd9RgLrsT+DjWY/nty1Hi7v3dtkaEYbPYe0mUoOfzRrMwfXXwgPUA==",
      "deprecated": "no longer maintained",
      "license": "(Unlicense OR Apache-2.0)"
    },
    "node_modules/tslib": {
      "version": "2.8.1",
      "resolved": "https://registry.npmjs.org/tslib/-/tslib-2.8.1.tgz",
      "integrity": "sha512-oJFu94HQb+KVduSUQL7wnpmqnfmLsOA/nAh6b6EH0wCEoK0/mPeXU6c3wKDV83MkOuHPRHtSXKKU99IBazS/2w==",
      "license": "0BSD"
    },
    "node_modules/webcrypto-core": {
      "version": "1.8.1",
      "resolved": "https://registry.npmjs.org/webcrypto-core/-/webcrypto-core-1.8.1.tgz",
      "integrity": "sha512-P+x1MvlNCXlKbLSOY4cYrdreqPG5hbzkmawbcXLKN/mf6DZW0SdNNkZ+sjwsqVkI4A4Ko2sPZmkZtCKY58w83A==",
      "license": "MIT",
      "dependencies": {
        "@peculiar/asn1-schema": "^2.3.13",
        "@peculiar/json-schema": "^1.1.12",
        "asn1js": "^3.0.5",
        "pvtsutils": "^1.3.5",
        "tslib": "^2.7.0"
      }
    },
    "node_modules/webcrypto-core/node_modules/asn1js": {
      "version": "3.0.6",
      "resolved": "https://registry.npmjs.org/asn1js/-/asn1js-3.0.6.tgz",
      "integrity": "sha512-UOCGPYbl0tv8+006qks/dTgV9ajs97X2p0FAbyS2iyCRrmLSRolDaHdp+v/CLgnzHc3fVB+CwYiUmei7ndFcgA==",
      "license": "BSD-3-Clause",
      "dependencies": {
        "pvtsutils": "^1.3.6",
        "pvutils": "^1.1.3",
        "tslib": "^2.8.1"
      },
      "engines": {
        "node": ">=12.0.0"
      }
    }
  }
}
